
Microsoft Visual Studio Solution File, Format Version 12.00
# Visual Studio Version 16
VisualStudioVersion = 16.0.32228.343
MinimumVisualStudioVersion = 10.0.40219.1
Project("{FAE04EC0-301F-11D3-BF4B-00C04F79EFBC}") = "MVVMDemo", "MVVMDemo.csproj", "{300690DC-6F1F-40BF-895E-DE646BDBECE1}"
EndProject
Global
	GlobalSection(SolutionConfigurationPlatforms) = preSolution
		Debug|Any CPU = Debug|Any CPU
		Release|Any CPU = Release|Any CPU
	EndGlobalSection
	GlobalSection(ProjectConfigurationPlatforms) = postSolution
		{300690DC-6F1F-40BF-895E-DE646BDBECE1}.Debug|Any CPU.ActiveCfg = Debug|Any CPU
		{300690DC-6F1F-40BF-895E-DE646BDBECE1}.Debug|Any CPU.Build.0 = Debug|Any CPU
		{300690DC-6F1F-40BF-895E-DE646BDBECE1}.Release|Any CPU.ActiveCfg = Release|Any CPU
		{300690DC-6F1F-40BF-895E-DE646BDBECE1}.Release|Any CPU.Build.0 = Release|Any CPU
	EndGlobalSection
	GlobalSection(SolutionProperties) = preSolution
		HideSolutionNode = FALSE
	EndGlobalSection
	GlobalSection(ExtensibilityGlobals) = postSolution
		SolutionGuid = {56FF7491-F263-4A73-A870-1AECA71007EE}
	EndGlobalSection
EndGlobal
